{
    "_meta": {
        "hash": {
            "sha256": "c531000f6e07af7557ef950cef2e767938cf0d564017c877badc1bb251207a9a"
        },
        "pipfile-spec": 6,
        "requires": {
            "python_version": "3.8"
        },
        "sources": [
            {
                "name": "pypi",
                "url": "https://pypi.python.org/simple",
                "verify_ssl": true
            }
        ]
    },
    "default": {
        "aiofiles": {
            "hashes": [
                "sha256:377fdf7815cc611870c59cbd07b68b180841d2a2b79812d8c218be02448c2acb",
                "sha256:98e6bcfd1b50f97db4980e182ddd509b7cc35909e903a8fe50d8849e02d815af"
            ],
            "version": "==0.5.0"
        },
        "alembic": {
            "hashes": [
                "sha256:8a259f0a4c8b350b03579d77ce9e810b19c65bf0af05f84efb69af13ad50801e",
                "sha256:e27fd67732c97a1c370c33169ef4578cf96436fa0e7dcfaeeef4a917d0737d56"
            ],
            "index": "pypi",
            "version": "==1.5.8"
        },
        "aniso8601": {
            "hashes": [
                "sha256:513d2b6637b7853806ae79ffaca6f3e8754bdd547048f5ccc1420aec4b714f1e",
                "sha256:d10a4bf949f619f719b227ef5386e31f49a2b6d453004b21f02661ccc8670c7b"
            ],
            "version": "==7.0.0"
        },
        "anyio": {
            "hashes": [
                "sha256:25ea0d673ae30af41a0c442f81cf3b38c7e79fdc7b60335a4c14e05eb0947421",
                "sha256:fbbe32bd270d2a2ef3ed1c5d45041250284e31fc0a4df4a5a6071842051a51e3"
            ],
            "markers": "python_full_version >= '3.6.2'",
            "version": "==3.6.2"
        },
        "async-exit-stack": {
            "hashes": [
                "sha256:24de1ad6d0ff27be97c89d6709fa49bf20db179eaf1f4d2e6e9b4409b80e747d",
                "sha256:9b43b17683b3438f428ef3bbec20689f5abbb052aa4b564c643397330adfaa99"
            ],
            "version": "==1.0.1"
        },
        "async-generator": {
            "hashes": [
                "sha256:01c7bf666359b4967d2cda0000cc2e4af16a0ae098cbffcb8472fb9e8ad6585b",
                "sha256:6ebb3d106c12920aaae42ccb6f787ef5eefdcdd166ea3d628fa8476abe712144"
            ],
            "version": "==1.10"
        },
        "certifi": {
            "hashes": [
                "sha256:35824b4c3a97115964b408844d64aa14db1cc518f6562e8d7261699d1350a9e3",
                "sha256:4ad3232f5e926d6718ec31cfc1fcadfde020920e278684144551c91769c7bc18"
            ],
            "index": "pypi",
            "version": "==2022.12.7"
        },
        "charset-normalizer": {
            "hashes": [
                "sha256:5a3d016c7c547f69d6f81fb0db9449ce888b418b5b9952cc5e6e66843e9dd845",
                "sha256:83e9a75d1911279afd89352c68b45348559d1fc0506b054b346651b5e7fee29f"
            ],
            "markers": "python_version >= '3.6'",
            "version": "==2.1.1"
        },
        "click": {
            "hashes": [
                "sha256:d2b5255c7c6349bc1bd1e59e08cd12acbbd63ce649f2588755783aa94dfb6b1a",
                "sha256:dacca89f4bfadd5de3d7489b7c8a566eee0d3676333fbb50030263894c38c0dc"
            ],
            "markers": "python_version >= '2.7' and python_version not in '3.0, 3.1, 3.2, 3.3, 3.4'",
            "version": "==7.1.2"
        },
        "dnspython": {
            "hashes": [
                "sha256:0f7569a4a6ff151958b64304071d370daa3243d15941a7beedf0c9fe5105603e",
                "sha256:a851e51367fb93e9e1361732c1d60dab63eff98712e503ea7d92e6eccb109b4f"
            ],
            "markers": "python_version >= '3.6' and python_version < '4.0'",
            "version": "==2.2.1"
        },
        "email-validator": {
            "hashes": [
                "sha256:553a66f8be2ec2dea641ae1d3f29017ab89e9d603d4a25cdaac39eefa283d769",
                "sha256:816073f2a7cffef786b29928f58ec16cdac42710a53bb18aa94317e3e145ec5c"
            ],
            "version": "==1.3.0"
        },
        "fastapi": {
            "extras": [
                "all"
            ],
            "hashes": [
                "sha256:63c4592f5ef3edf30afa9a44fa7c6b7ccb20e0d3f68cd9eba07b44d552058dcb",
                "sha256:98d8ea9591d8512fdadf255d2a8fa56515cdd8624dca4af369da73727409508e"
            ],
            "index": "pypi",
            "version": "==0.63.0"
        },
        "graphene": {
            "hashes": [
                "sha256:3d446eb1237c551052bc31155cf1a3a607053e4f58c9172b83a1b597beaa0868",
                "sha256:b9f2850e064eebfee9a3ef4a1f8aa0742848d97652173ab44c82cc8a62b9ed93"
            ],
            "version": "==2.1.9"
        },
        "graphql-core": {
            "hashes": [
                "sha256:44c9bac4514e5e30c5a595fac8e3c76c1975cae14db215e8174c7fe995825bad",
                "sha256:aac46a9ac524c9855910c14c48fc5d60474def7f99fd10245e76608eba7af746"
            ],
            "version": "==2.3.2"
        },
        "graphql-relay": {
            "hashes": [
                "sha256:870b6b5304123a38a0b215a79eace021acce5a466bf40cd39fa18cb8528afabb",
                "sha256:ac514cb86db9a43014d7e73511d521137ac12cf0101b2eaa5f0a3da2e10d913d"
            ],
            "version": "==2.0.1"
        },
        "greenlet": {
            "hashes": [
                "sha256:0109af1138afbfb8ae647e31a2b1ab030f58b21dd8528c27beaeb0093b7938a9",
                "sha256:0459d94f73265744fee4c2d5ec44c6f34aa8a31017e6e9de770f7bcf29710be9",
                "sha256:04957dc96669be041e0c260964cfef4c77287f07c40452e61abe19d647505581",
                "sha256:0722c9be0797f544a3ed212569ca3fe3d9d1a1b13942d10dd6f0e8601e484d26",
                "sha256:097e3dae69321e9100202fc62977f687454cd0ea147d0fd5a766e57450c569fd",
                "sha256:0b493db84d124805865adc587532ebad30efa68f79ad68f11b336e0a51ec86c2",
                "sha256:13ba6e8e326e2116c954074c994da14954982ba2795aebb881c07ac5d093a58a",
                "sha256:13ebf93c343dd8bd010cd98e617cb4c1c1f352a0cf2524c82d3814154116aa82",
                "sha256:1407fe45246632d0ffb7a3f4a520ba4e6051fc2cbd61ba1f806900c27f47706a",
                "sha256:1bf633a50cc93ed17e494015897361010fc08700d92676c87931d3ea464123ce",
                "sha256:2d0bac0385d2b43a7bd1d651621a4e0f1380abc63d6fb1012213a401cbd5bf8f",
                "sha256:3001d00eba6bbf084ae60ec7f4bb8ed375748f53aeaefaf2a37d9f0370558524",
                "sha256:356e4519d4dfa766d50ecc498544b44c0249b6de66426041d7f8b751de4d6b48",
                "sha256:38255a3f1e8942573b067510f9611fc9e38196077b0c8eb7a8c795e105f9ce77",
                "sha256:3d75b8d013086b08e801fbbb896f7d5c9e6ccd44f13a9241d2bf7c0df9eda928",
                "sha256:41b825d65f31e394b523c84db84f9383a2f7eefc13d987f308f4663794d2687e",
                "sha256:42e602564460da0e8ee67cb6d7236363ee5e131aa15943b6670e44e5c2ed0f67",
                "sha256:4aeaebcd91d9fee9aa768c1b39cb12214b30bf36d2b7370505a9f2165fedd8d9",
                "sha256:4c8b1c43e75c42a6cafcc71defa9e01ead39ae80bd733a2608b297412beede68",
                "sha256:4d37990425b4687ade27810e3b1a1c37825d242ebc275066cfee8cb6b8829ccd",
                "sha256:4f09b0010e55bec3239278f642a8a506b91034f03a4fb28289a7d448a67f1515",
                "sha256:505138d4fa69462447a562a7c2ef723c6025ba12ac04478bc1ce2fcc279a2db5",
                "sha256:5067920de254f1a2dee8d3d9d7e4e03718e8fd2d2d9db962c8c9fa781ae82a39",
                "sha256:56961cfca7da2fdd178f95ca407fa330c64f33289e1804b592a77d5593d9bd94",
                "sha256:5a8e05057fab2a365c81abc696cb753da7549d20266e8511eb6c9d9f72fe3e92",
                "sha256:659f167f419a4609bc0516fb18ea69ed39dbb25594934bd2dd4d0401660e8a1e",
                "sha256:662e8f7cad915ba75d8017b3e601afc01ef20deeeabf281bd00369de196d7726",
                "sha256:6f61d71bbc9b4a3de768371b210d906726535d6ca43506737682caa754b956cd",
                "sha256:72b00a8e7c25dcea5946692a2485b1a0c0661ed93ecfedfa9b6687bd89a24ef5",
                "sha256:811e1d37d60b47cb8126e0a929b58c046251f28117cb16fcd371eed61f66b764",
                "sha256:81b0ea3715bf6a848d6f7149d25bf018fd24554a4be01fcbbe3fdc78e890b955",
                "sha256:88c8d517e78acdf7df8a2134a3c4b964415b575d2840a2746ddb1cc6175f8608",
                "sha256:8dca09dedf1bd8684767bc736cc20c97c29bc0c04c413e3276e0962cd7aeb148",
                "sha256:974a39bdb8c90a85982cdb78a103a32e0b1be986d411303064b28a80611f6e51",
                "sha256:9e112e03d37987d7b90c1e98ba5e1b59e1645226d78d73282f45b326f7bddcb9",
                "sha256:9e9744c657d896c7b580455e739899e492a4a452e2dd4d2b3e459f6b244a638d",
                "sha256:9ed358312e63bf683b9ef22c8e442ef6c5c02973f0c2a939ec1d7b50c974015c",
                "sha256:9f2c221eecb7ead00b8e3ddb913c67f75cba078fd1d326053225a3f59d850d72",
                "sha256:a20d33124935d27b80e6fdacbd34205732660e0a1d35d8b10b3328179a2b51a1",
                "sha256:a4c0757db9bd08470ff8277791795e70d0bf035a011a528ee9a5ce9454b6cba2",
                "sha256:afe07421c969e259e9403c3bb658968702bc3b78ec0b6fde3ae1e73440529c23",
                "sha256:b1992ba9d4780d9af9726bbcef6a1db12d9ab1ccc35e5773685a24b7fb2758eb",
                "sha256:b23d2a46d53210b498e5b701a1913697671988f4bf8e10f935433f6e7c332fb6",
                "sha256:b5e83e4de81dcc9425598d9469a624826a0b1211380ac444c7c791d4a2137c19",
                "sha256:be35822f35f99dcc48152c9839d0171a06186f2d71ef76dc57fa556cc9bf6b45",
                "sha256:be9e0fb2ada7e5124f5282d6381903183ecc73ea019568d6d63d33f25b2a9000",
                "sha256:c140e7eb5ce47249668056edf3b7e9900c6a2e22fb0eaf0513f18a1b2c14e1da",
                "sha256:c6a08799e9e88052221adca55741bf106ec7ea0710bca635c208b751f0d5b617",
                "sha256:cb242fc2cda5a307a7698c93173d3627a2a90d00507bccf5bc228851e8304963",
                "sha256:cce1e90dd302f45716a7715517c6aa0468af0bf38e814ad4eab58e88fc09f7f7",
                "sha256:cd4ccc364cf75d1422e66e247e52a93da6a9b73cefa8cad696f3cbbb75af179d",
                "sha256:d21681f09e297a5adaa73060737e3aa1279a13ecdcfcc6ef66c292cb25125b2d",
                "sha256:d38ffd0e81ba8ef347d2be0772e899c289b59ff150ebbbbe05dc61b1246eb4e0",
                "sha256:d566b82e92ff2e09dd6342df7e0eb4ff6275a3f08db284888dcd98134dbd4243",
                "sha256:d5b0ff9878333823226d270417f24f4d06f235cb3e54d1103b71ea537a6a86ce",
                "sha256:d6ee1aa7ab36475035eb48c01efae87d37936a8173fc4d7b10bb02c2d75dd8f6",
                "sha256:db38f80540083ea33bdab614a9d28bcec4b54daa5aff1668d7827a9fc769ae0a",
                "sha256:ea688d11707d30e212e0110a1aac7f7f3f542a259235d396f88be68b649e47d1",
                "sha256:f6327b6907b4cb72f650a5b7b1be23a2aab395017aa6f1adb13069d66360eb3f",
                "sha256:fb412b7db83fe56847df9c47b6fe3f13911b06339c2aa02dcc09dce8bbf582cd"
            ],
            "markers": "python_version >= '3'",
            "version": "==2.0.1"
        },
        "h11": {
            "hashes": [
                "sha256:8f19fbbe99e72420ff35c00b27a34cb9937e902a8b810e2c88300c6f0a3b699d",
                "sha256:e3fe4ac4b851c468cc8363d500db52c2ead036020723024a109d37346efaa761"
            ],
            "markers": "python_version >= '3.7'",
            "version": "==0.14.0"
        },
        "httptools": {
            "hashes": [
                "sha256:07659649fe6b3948b6490825f89abe5eb1cec79ebfaaa0b4bf30f3f33f3c2ba8",
                "sha256:08b79e09114e6ab5c3dbf560bba2cb2257ea38cdaeaf99b7cb80d8f92622fcd9",
                "sha256:1e35aa179b67086cc600a984924a88589b90793c9c1b260152ca4908786e09df",
                "sha256:31629e1f1b89959f8c0927bad12184dc07977dcf71e24f4772934aa490aa199b",
                "sha256:851026bd63ec0af7e7592890d97d15c92b62d9e17094353f19a52c8e2b33710a",
                "sha256:8fcca4b7efe353b13a24017211334c57d055a6e132c7adffed13a10d28efca57",
                "sha256:9abd788465aa46a0f288bd3a99e53edd184177d6379e2098fd6097bb359ad9d6",
                "sha256:aebdf0bd7bf7c90ae6b3be458692bf6e9e5b610b501f9f74c7979015a51db4c4",
                "sha256:bda99a5723e7eab355ce57435c70853fc137a65aebf2f1cd4d15d96e2956da7b",
                "sha256:c1c63d860749841024951b0a78e4dec6f543d23751ef061d6ab60064c7b8b524",
                "sha256:c4111a0a8a00eff1e495d43ea5230aaf64968a48ddba8ea2d5f982efae827404",
                "sha256:dce59ee45dd6ee6c434346a5ac527c44014326f560866b4b2f414a692ee1aca8",
                "sha256:f759717ca1b2ef498c67ba4169c2b33eecf943a89f5329abcff8b89d153eb500",
                "sha256:fb7199b8fb0c50a22e77260bb59017e0c075fa80cb03bb2c8692de76e7bb7fe7",
                "sha256:fbf7ecd31c39728f251b1c095fd27c84e4d21f60a1d079a0333472ff3ae59d34"
            ],
            "version": "==0.1.2"
        },
        "idna": {
            "hashes": [
                "sha256:814f528e8dead7d329833b91c5faa87d60bf71824cd12a7530b5526063d02cb4",
                "sha256:90b77e79eaa3eba6de819a0c442c0b4ceefc341a7a2ab77d7562bf49f425c5c2"
            ],
            "markers": "python_version >= '3.5'",
            "version": "==3.4"
        },
        "itsdangerous": {
            "hashes": [
                "sha256:321b033d07f2a4136d3ec762eac9f16a10ccd60f53c0c91af90217ace7ba1f19",
                "sha256:b12271b2047cb23eeb98c8b5622e2e5c5e9abd9784a153e9d8ef9cb4dd09d749"
            ],
            "version": "==1.1.0"
        },
        "jinja2": {
            "hashes": [
                "sha256:03e47ad063331dd6a3f04a43eddca8a966a26ba0c5b7207a9a9e4e08f1b29419",
                "sha256:a6d58433de0ae800347cab1fa3043cebbabe8baa9d29e668f1c768cb87a333c6"
            ],
            "version": "==2.11.3"
        },
        "mako": {
            "hashes": [
                "sha256:c97c79c018b9165ac9922ae4f32da095ffd3c4e6872b45eded42926deea46818",
                "sha256:d60a3903dc3bb01a18ad6a89cdbe2e4eadc69c0bc8ef1e3773ba53d44c3f7a34"
            ],
            "markers": "python_version >= '3.7'",
            "version": "==1.2.4"
        },
        "markupsafe": {
            "hashes": [
                "sha256:0212a68688482dc52b2d45013df70d169f542b7394fc744c02a57374a4207003",
                "sha256:089cf3dbf0cd6c100f02945abeb18484bd1ee57a079aefd52cffd17fba910b88",
                "sha256:10c1bfff05d95783da83491be968e8fe789263689c02724e0c691933c52994f5",
                "sha256:33b74d289bd2f5e527beadcaa3f401e0df0a89927c1559c8566c066fa4248ab7",
                "sha256:3799351e2336dc91ea70b034983ee71cf2f9533cdff7c14c90ea126bfd95d65a",
                "sha256:3ce11ee3f23f79dbd06fb3d63e2f6af7b12db1d46932fe7bd8afa259a5996603",
                "sha256:421be9fbf0ffe9ffd7a378aafebbf6f4602d564d34be190fc19a193232fd12b1",
                "sha256:43093fb83d8343aac0b1baa75516da6092f58f41200907ef92448ecab8825135",
                "sha256:46d00d6cfecdde84d40e572d63735ef81423ad31184100411e6e3388d405e247",
                "sha256:4a33dea2b688b3190ee12bd7cfa29d39c9ed176bda40bfa11099a3ce5d3a7ac6",
                "sha256:4b9fe39a2ccc108a4accc2676e77da025ce383c108593d65cc909add5c3bd601",
                "sha256:56442863ed2b06d19c37f94d999035e15ee982988920e12a5b4ba29b62ad1f77",
                "sha256:671cd1187ed5e62818414afe79ed29da836dde67166a9fac6d435873c44fdd02",
                "sha256:694deca8d702d5db21ec83983ce0bb4b26a578e71fbdbd4fdcd387daa90e4d5e",
                "sha256:6a074d34ee7a5ce3effbc526b7083ec9731bb3cbf921bbe1d3005d4d2bdb3a63",
                "sha256:6d0072fea50feec76a4c418096652f2c3238eaa014b2f94aeb1d56a66b41403f",
                "sha256:6fbf47b5d3728c6aea2abb0589b5d30459e369baa772e0f37a0320185e87c980",
                "sha256:7f91197cc9e48f989d12e4e6fbc46495c446636dfc81b9ccf50bb0ec74b91d4b",
                "sha256:86b1f75c4e7c2ac2ccdaec2b9022845dbb81880ca318bb7a0a01fbf7813e3812",
                "sha256:8dc1c72a69aa7e082593c4a203dcf94ddb74bb5c8a731e4e1eb68d031e8498ff",
                "sha256:8e3dcf21f367459434c18e71b2a9532d96547aef8a871872a5bd69a715c15f96",
                "sha256:8e576a51ad59e4bfaac456023a78f6b5e6e7651dcd383bcc3e18d06f9b55d6d1",
                "sha256:96e37a3dc86e80bf81758c152fe66dbf60ed5eca3d26305edf01892257049925",
                "sha256:97a68e6ada378df82bc9f16b800ab77cbf4b2fada0081794318520138c088e4a",
                "sha256:99a2a507ed3ac881b975a2976d59f38c19386d128e7a9a18b7df6fff1fd4c1d6",
                "sha256:a49907dd8420c5685cfa064a1335b6754b74541bbb3706c259c02ed65b644b3e",
                "sha256:b09bf97215625a311f669476f44b8b318b075847b49316d3e28c08e41a7a573f",
                "sha256:b7bd98b796e2b6553da7225aeb61f447f80a1ca64f41d83612e6139ca5213aa4",
                "sha256:b87db4360013327109564f0e591bd2a3b318547bcef31b468a92ee504d07ae4f",
                "sha256:bcb3ed405ed3222f9904899563d6fc492ff75cce56cba05e32eff40e6acbeaa3",
                "sha256:d4306c36ca495956b6d568d276ac11fdd9c30a36f1b6eb928070dc5360b22e1c",
                "sha256:d5ee4f386140395a2c818d149221149c54849dfcfcb9f1debfe07a8b8bd63f9a",
                "sha256:dda30ba7e87fbbb7eab1ec9f58678558fd9a6b8b853530e176eabd064da81417",
                "sha256:e04e26803c9c3851c931eac40c695602c6295b8d432cbe78609649ad9bd2da8a",
                "sha256:e1c0b87e09fa55a220f058d1d49d3fb8df88fbfab58558f1198e08c1e1de842a",
                "sha256:e72591e9ecd94d7feb70c1cbd7be7b3ebea3f548870aa91e2732960fa4d57a37",
                "sha256:e8c843bbcda3a2f1e3c2ab25913c80a3c5376cd00c6e8c4a86a89a28c8dc5452",
                "sha256:efc1913fd2ca4f334418481c7e595c00aad186563bbc1ec76067848c7ca0a933",
                "sha256:f121a1420d4e173a5d96e47e9a0c0dcff965afdf1626d28de1460815f7c4ee7a",
                "sha256:fc7b548b17d238737688817ab67deebb30e8073c95749d55538ed473130ec0c7"
            ],
            "markers": "python_version >= '3.7'",
            "version": "==2.1.1"
        },
        "orjson": {
            "hashes": [
                "sha256:0379ad4c0246281f136a93ed357e342f24070c7055f00aeff9a69c2352e38d10",
                "sha256:0459893746dc80dbfb262a24c08fdba2a737d44d26691e85f27b2223cac8075f",
                "sha256:068febdc7e10655a68a381d2db714d0a90ce46dc81519a4962521a0af07697fb",
                "sha256:194aef99db88b450b0005406f259ad07df545e6c9632f2a64c04986a0faf2c68",
                "sha256:3497dde5c99dd616554f0dcb694b955a2dc3eb920fe36b150f88ce53e3be2a46",
                "sha256:37196a7f2219508c6d944d7d5ea0000a226818787dadbbed309bfa6174f0402b",
                "sha256:3e9e54ff8c9253d7f01ebc5836a1308d0ebe8e5c2edee620867a49556a158484",
                "sha256:4b0c13e05da5bc1a6b2e1d3b117cc669e2267ce0a131e94845056d506ef041c6",
                "sha256:4b587ec06ab7dd4fb5acf50af98314487b7d56d6e1a7f05d49d8367e0e0b23bc",
                "sha256:4cd0bb7e843ceba759e4d4cc2ca9243d1a878dac42cdcfc2295883fbd5bd2400",
                "sha256:4fff44ca121329d62e48582850a247a487e968cfccd5527fab20bd5b650b78c3",
                "sha256:52540572c349179e2a7b6a7b98d6e9320e0333533af809359a95f7b57a61c506",
                "sha256:54f3ef512876199d7dacd348a0fc53392c6be15bdf857b2d67fa1b089d561b98",
                "sha256:65ea3336c2bda31bc938785b84283118dec52eb90a2946b140054873946f60a4",
                "sha256:6bf425bba42a8cee49d611ddd50b7fea9e87787e77bf90b2cb9742293f319480",
                "sha256:75de90c34db99c42ee7608ff88320442d3ce17c258203139b5a8b0afb4a9b43b",
                "sha256:78d69020fa9cf28b363d2494e5f1f10210e8fecf49bf4a767fcffcce7b9d7f58",
                "sha256:7f0ec0ca4e81492569057199e042607090ba48289c4f59f29bbc219282b8dc60",
                "sha256:83891e9c3a172841f63cae75ff9ce78f12e4c2c5161baec7af725b1d71d4de21",
                "sha256:8fe6188ea2a1165280b4ff5fab92753b2007665804e8214be3d00d0b83b5764e",
                "sha256:94bd4295fadea984b6284dc55f7d1ea828240057f3b6a1d8ec3fe4d1ea596964",
                "sha256:961bc1dcbc3a89b52e8979194b3043e7d28ffc979187e46ad23efa8ada612d04",
                "sha256:989bf5980fc8aca43a9d0a50ea0a0eee81257e812aaceb1e9c0dbd0856fc5230",
                "sha256:a30503ee24fc3c59f768501d7a7ded5119a631c79033929a5035a4c91901eac7",
                "sha256:aa57fe8b32750a64c816840444ec4d1e4310630ecd9d1d7b3db4b45d248b5585",
                "sha256:b7018494a7a11bcd04da1173c3a38fa5a866f905c138326504552231824ac9c1",
                "sha256:b70782258c73913eb6542c04b6556c841247eb92eeace5db2ee2e1d4cb6ffaa5",
                "sha256:ca61e6c5a86efb49b790c8e331ff05db6d5ed773dfc9b58667ea3b260971cfb2",
                "sha256:cbdfbd49d58cbaabfa88fcdf9e4f09487acca3d17f144648668ea6ae06cc3183",
                "sha256:cf3dad7dbf65f78fefca0eb385d606844ea58a64fe908883a32768dfaee0b952",
                "sha256:d30d427a1a731157206ddb1e95620925298e4c7c3f93838f53bd19f6069be244",
                "sha256:d46241e63df2d39f4b7d44e2ff2becfb6646052b963afb1a99f4ef8c2a31aba0",
                "sha256:d5870ced447a9fbeb5aeb90f362d9106b80a32f729a57b59c64684dbc9175e92",
                "sha256:d746da1260bbe7cb06200813cc40482fb1b0595c4c09c3afffe34cfc408d0a4a",
                "sha256:dbd74d2d3d0b7ac8ca968c3be51d4cfbecec65c6d6f55dabe95e975c234d0338",
                "sha256:dc29ff612030f3c2e8d7c0bc6c74d18b76dde3726230d892524735498f29f4b2",
                "sha256:e570fdfa09b84cc7c42a3a6dd22dbd2177cb5f3798feefc430066b260886acae",
                "sha256:eda1534a5289168614f21422861cbfb1abb8a82d66c00a8ba823d863c0797178",
                "sha256:ef3b4c7931989eb973fbbcc38accf7711d607a2b0ed84817341878ec8effb9c5",
                "sha256:f06ef273d8d4101948ebc4262a485737bcfd440fb83dd4b125d3e5f4226117bc",
                "sha256:f1612e08b8254d359f9b72c4a4099d46cdc0f58b574da48472625a0e80222b6e",
                "sha256:f8ff793a3188c21e646219dc5e2c60a74dde25c26de3075f4c2e33cf25835340",
                "sha256:faf44a709f54cf490a27ccb0fb1cb5a99005c36ff7cb127d222306bf84f5493f",
                "sha256:ff96c61127550ae25caab325e1f4a4fba2740ca77f8e81640f1b8b575e95f784"
            ],
            "version": "==3.8.3"
        },
        "promise": {
            "hashes": [
                "sha256:dfd18337c523ba4b6a58801c164c1904a9d4d1b1747c7d5dbf45b693a49d93d0"
            ],
            "version": "==2.3"
        },
        "pydantic": {
            "hashes": [
                "sha256:05e00dbebbe810b33c7a7362f231893183bcc4251f3f2ff991c31d5c08240c42",
                "sha256:06094d18dd5e6f2bbf93efa54991c3240964bb663b87729ac340eb5014310624",
                "sha256:0b959f4d8211fc964772b595ebb25f7652da3f22322c007b6fed26846a40685e",
                "sha256:19b3b9ccf97af2b7519c42032441a891a5e05c68368f40865a90eb88833c2559",
                "sha256:1b6ee725bd6e83ec78b1aa32c5b1fa67a3a65badddde3976bca5fe4568f27709",
                "sha256:1ee433e274268a4b0c8fde7ad9d58ecba12b069a033ecc4645bb6303c062d2e9",
                "sha256:216f3bcbf19c726b1cc22b099dd409aa371f55c08800bcea4c44c8f74b73478d",
                "sha256:2d0567e60eb01bccda3a4df01df677adf6b437958d35c12a3ac3e0f078b0ee52",
                "sha256:2e05aed07fa02231dbf03d0adb1be1d79cabb09025dd45aa094aa8b4e7b9dcda",
                "sha256:352aedb1d71b8b0736c6d56ad2bd34c6982720644b0624462059ab29bd6e5912",
                "sha256:355639d9afc76bcb9b0c3000ddcd08472ae75318a6eb67a15866b87e2efa168c",
                "sha256:37c90345ec7dd2f1bcef82ce49b6235b40f282b94d3eec47e801baf864d15525",
                "sha256:4b8795290deaae348c4eba0cebb196e1c6b98bdbe7f50b2d0d9a4a99716342fe",
                "sha256:5760e164b807a48a8f25f8aa1a6d857e6ce62e7ec83ea5d5c5a802eac81bad41",
                "sha256:6eb843dcc411b6a2237a694f5e1d649fc66c6064d02b204a7e9d194dff81eb4b",
                "sha256:7b5ba54d026c2bd2cb769d3468885f23f43710f651688e91f5fb1edcf0ee9283",
                "sha256:7c2abc4393dea97a4ccbb4ec7d8658d4e22c4765b7b9b9445588f16c71ad9965",
                "sha256:81a7b66c3f499108b448f3f004801fcd7d7165fb4200acb03f1c2402da73ce4c",
                "sha256:91b8e218852ef6007c2b98cd861601c6a09f1aa32bbbb74fab5b1c33d4a1e410",
                "sha256:9300fcbebf85f6339a02c6994b2eb3ff1b9c8c14f502058b5bf349d42447dcf5",
                "sha256:9cabf4a7f05a776e7793e72793cd92cc865ea0e83a819f9ae4ecccb1b8aa6116",
                "sha256:a1f5a63a6dfe19d719b1b6e6106561869d2efaca6167f84f5ab9347887d78b98",
                "sha256:a4c805731c33a8db4b6ace45ce440c4ef5336e712508b4d9e1aafa617dc9907f",
                "sha256:ae544c47bec47a86bc7d350f965d8b15540e27e5aa4f55170ac6a75e5f73b644",
                "sha256:b97890e56a694486f772d36efd2ba31612739bc6f3caeee50e9e7e3ebd2fdd13",
                "sha256:bb6ad4489af1bac6955d38ebcb95079a836af31e4c4f74aba1ca05bb9f6027bd",
                "sha256:bedf309630209e78582ffacda64a21f96f3ed2e51fbf3962d4d488e503420254",
                "sha256:c1ba1afb396148bbc70e9eaa8c06c1716fdddabaf86e7027c5988bae2a829ab6",
                "sha256:c33602f93bfb67779f9c507e4d69451664524389546bacfe1bee13cae6dc7488",
                "sha256:c4aac8e7103bf598373208f6299fa9a5cfd1fc571f2d40bf1dd1955a63d6eeb5",
                "sha256:c6f981882aea41e021f72779ce2a4e87267458cc4d39ea990729e21ef18f0f8c",
                "sha256:cc78cc83110d2f275ec1970e7a831f4e371ee92405332ebfe9860a715f8336e1",
                "sha256:d49f3db871575e0426b12e2f32fdb25e579dea16486a26e5a0474af87cb1ab0a",
                "sha256:dd3f9a40c16daf323cf913593083698caee97df2804aa36c4b3175d5ac1b92a2",
                "sha256:e0bedafe4bc165ad0a56ac0bd7695df25c50f76961da29c050712596cf092d6d",
                "sha256:e9069e1b01525a96e6ff49e25876d90d5a563bc31c658289a8772ae186552236"
            ],
            "markers": "python_version >= '3.7'",
            "version": "==1.10.2"
        },
        "python-dateutil": {
            "hashes": [
                "sha256:0123cacc1627ae19ddf3c27a5de5bd67ee4586fbdd6440d9748f8abb483d3e86",
                "sha256:961d03dc3453ebbc59dbdea9e4e11c5651520a876d0f4db161e8674aae935da9"
            ],
            "markers": "python_version >= '2.7' and python_version not in '3.0, 3.1, 3.2, 3.3'",
            "version": "==2.8.2"
        },
        "python-dotenv": {
            "hashes": [
                "sha256:1684eb44636dd462b66c3ee016599815514527ad99965de77f43e0944634a7e5",
                "sha256:b77d08274639e3d34145dfa6c7008e66df0f04b7be7a75fd0d5292c191d79045"
            ],
            "version": "==0.21.0"
        },
        "python-editor": {
            "hashes": [
                "sha256:1bf6e860a8ad52a14c3ee1252d5dc25b2030618ed80c022598f00176adc8367d",
                "sha256:51fda6bcc5ddbbb7063b2af7509e43bd84bfc32a4ff71349ec7847713882327b",
                "sha256:5f98b069316ea1c2ed3f67e7f5df6c0d8f10b689964a4a811ff64f0106819ec8",
                "sha256:c3da2053dbab6b29c94e43c486ff67206eafbe7eb52dbec7390b5e2fb05aac77",
                "sha256:ea87e17f6ec459e780e4221f295411462e0d0810858e055fc514684350a2f522"
            ],
            "version": "==1.0.4"
        },
        "python-multipart": {
            "hashes": [
                "sha256:f7bb5f611fc600d15fa47b3974c8aa16e93724513b49b5f95c81e6624c83fa43"
            ],
            "version": "==0.0.5"
        },
        "pyyaml": {
            "hashes": [
                "sha256:08682f6b72c722394747bddaf0aa62277e02557c0fd1c42cb853016a38f8dedf",
                "sha256:0f5f5786c0e09baddcd8b4b45f20a7b5d61a7e7e99846e3c799b05c7c53fa696",
                "sha256:129def1b7c1bf22faffd67b8f3724645203b79d8f4cc81f674654d9902cb4393",
                "sha256:294db365efa064d00b8d1ef65d8ea2c3426ac366c0c4368d930bf1c5fb497f77",
                "sha256:3b2b1824fe7112845700f815ff6a489360226a5609b96ec2190a45e62a9fc922",
                "sha256:3bd0e463264cf257d1ffd2e40223b197271046d09dadf73a0fe82b9c1fc385a5",
                "sha256:4465124ef1b18d9ace298060f4eccc64b0850899ac4ac53294547536533800c8",
                "sha256:49d4cdd9065b9b6e206d0595fee27a96b5dd22618e7520c33204a4a3239d5b10",
                "sha256:4e0583d24c881e14342eaf4ec5fbc97f934b999a6828693a99157fde912540cc",
                "sha256:5accb17103e43963b80e6f837831f38d314a0495500067cb25afab2e8d7a4018",
                "sha256:607774cbba28732bfa802b54baa7484215f530991055bb562efbed5b2f20a45e",
                "sha256:6c78645d400265a062508ae399b60b8c167bf003db364ecb26dcab2bda048253",
                "sha256:72a01f726a9c7851ca9bfad6fd09ca4e090a023c00945ea05ba1638c09dc3347",
                "sha256:74c1485f7707cf707a7aef42ef6322b8f97921bd89be2ab6317fd782c2d53183",
                "sha256:895f61ef02e8fed38159bb70f7e100e00f471eae2bc838cd0f4ebb21e28f8541",
                "sha256:8c1be557ee92a20f184922c7b6424e8ab6691788e6d86137c5d93c1a6ec1b8fb",
                "sha256:bb4191dfc9306777bc594117aee052446b3fa88737cd13b7188d0e7aa8162185",
                "sha256:bfb51918d4ff3d77c1c856a9699f8492c612cde32fd3bcd344af9be34999bfdc",
                "sha256:c20cfa2d49991c8b4147af39859b167664f2ad4561704ee74c1de03318e898db",
                "sha256:cb333c16912324fd5f769fff6bc5de372e9e7a202247b48870bc251ed40239aa",
                "sha256:d2d9808ea7b4af864f35ea216be506ecec180628aced0704e34aca0b040ffe46",
                "sha256:d483ad4e639292c90170eb6f7783ad19490e7a8defb3e46f97dfe4bacae89122",
                "sha256:dd5de0646207f053eb0d6c74ae45ba98c3395a571a2891858e87df7c9b9bd51b",
                "sha256:e1d4970ea66be07ae37a3c2e48b5ec63f7ba6804bdddfdbd3cfd954d25a82e63",
                "sha256:e4fac90784481d221a8e4b1162afa7c47ed953be40d31ab4629ae917510051df",
                "sha256:fa5ae20527d8e831e8230cbffd9f8fe952815b2b7dae6ffec25318803a7528fc",
                "sha256:fd7f6999a8070df521b6384004ef42833b9bd62cfee11a09bda1079b4b704247",
                "sha256:fdc842473cd33f45ff6bce46aea678a54e3d21f1b61a7750ce3c498eedfe25d6",
                "sha256:fe69978f3f768926cfa37b867e3843918e012cf83f680806599ddce33c2c68b0"
            ],
            "version": "==5.4.1"
        },
        "requests": {
            "hashes": [
                "sha256:7c5599b102feddaa661c826c56ab4fee28bfd17f5abca1ebbe3e7f19d7c97983",
                "sha256:8fefa2a1a1365bf5520aac41836fbee479da67864514bdb821f31ce07ce65349"
            ],
            "version": "==2.28.1"
        },
        "rx": {
            "hashes": [
                "sha256:13a1d8d9e252625c173dc795471e614eadfe1cf40ffc684e08b8fff0d9748c23",
                "sha256:7357592bc7e881a95e0c2013b73326f704953301ab551fbc8133a6fadab84105"
            ],
            "version": "==1.6.1"
        },
        "six": {
            "hashes": [
                "sha256:1e61c37477a1626458e36f7b1d82aa5c9b094fa4802892072e49de9c60c4c926",
                "sha256:8abb2f1d86890a2dfb989f9a77cfcfd3e47c2a354b01111771326f8aa26e0254"
            ],
            "markers": "python_version >= '2.7' and python_version not in '3.0, 3.1, 3.2, 3.3'",
            "version": "==1.16.0"
        },
        "sniffio": {
            "hashes": [
                "sha256:e60305c5e5d314f5389259b7f22aaa33d8f7dee49763119234af3755c55b9101",
                "sha256:eecefdce1e5bbfb7ad2eeaabf7c1eeb404d7757c379bd1f7e5cce9d8bf425384"
            ],
            "markers": "python_version >= '3.7'",
            "version": "==1.3.0"
        },
        "sqlalchemy": {
            "hashes": [
                "sha256:065ac7331b87494a86bf3dc4430c1ee7779d6dc532213c528394ddd00804e518",
                "sha256:099e63ffad329989080c533896267c40f9cb38ed5704168f7dae3afdda121e10",
                "sha256:0d8aab144cf8d31c1ac834802c7df4430248f74bd8b3ed3149f9c9eec0eafe50",
                "sha256:230b210fc6d1af5d555d1d04ff9bd4259d6ab82b020369724ab4a1c805a32dd3",
                "sha256:25aaf0bec9eadde9789e3c0178c718ae6923b57485fdeae85999bc3089d9b871",
                "sha256:29816a338982c30dd7ee76c4e79f17d5991abb1b6561e9f1d72703d030a79c86",
                "sha256:2e1b8d31c97a2b91aea8ed8299ad360a32d60728a89f2aac9c98eef07a633a0e",
                "sha256:343c679899afdc4952ac659dc46f2075a2bd4fba87ca0df264be838eecd02096",
                "sha256:386f215248c3fb2fab9bb77f631bc3c6cd38354ca2363d241784f8297d16b80a",
                "sha256:457a1652bc1c5f832165ff341380b3742bfb98b9ceca24576350992713ad700f",
                "sha256:4e554872766d2783abf0a11704536596e8794229fb0fa63d311a74caae58c6c5",
                "sha256:4edff2b4101a1c442fb1b17d594a5fdf99145f27c5eaffae12c26aef2bb2bf65",
                "sha256:690fbca2a208314504a2ab46d3e7dae320247fcb1967863b9782a70bf49fc600",
                "sha256:6c6090d73820dcf04549f0b6e80f67b46c8191f0e40bf09c6d6f8ece2464e8b6",
                "sha256:7bdb0f972bc35054c05088e91cec8fa810c3aa565b690bae75c005ee430e12e8",
                "sha256:815a8cdf9c0fa504d0bfbe83fb3e596b7663fc828b73259a20299c01330467aa",
                "sha256:a28c7b96bc5beef585172ca9d79068ae7fa2527feaa26bd63371851d7894c66f",
                "sha256:a8763fe4de02f746666161b130cc3e5d1494a6f5475f5622f05251739fc22e55",
                "sha256:b0266e133d819d33b555798822606e876187a96798e2d8c9b7f85e419d73ef94",
                "sha256:bb97aeaa699c43da62e35856ab56e5154d062c09a3593a2c12c67d6a21059920",
                "sha256:bce6eaf7b9a3a445911e225570b8fd26b7e98654ac9f308a8a52addb64a2a488",
                "sha256:c4485040d86d4b3d9aa509fd3c492de3687d9bf52fb85d66b33912ad068a088c",
                "sha256:c6f228b79fd757d9ca539c9958190b3a44308f743dc7d83575aa0891033f6c86",
                "sha256:cde2cf3ee76e8c538f2f43f5cf9252ad53404fc350801191128bab68f335a8b2",
                "sha256:cfa4a336de7d32ae30b54f7b8ec888fb5c6313a1b7419a9d7b3f49cdd83012a3",
                "sha256:cfbf2cf8e8ef0a1d23bfd0fa387057e6e522d55e43821f1d115941d913ee7762",
                "sha256:e26791ac43806dec1f18d328596db87f1b37f9d8271997dd1233054b4c377f51",
                "sha256:e7d262415e4adf148441bd9f10ae4e5498d6649962fabc62a64ec7b4891d56c5",
                "sha256:e9e95568eafae18ac40d00694b82dc3febe653f81eee83204ef248563f39696d",
                "sha256:ec7c33e22beac16b4c5348c41cd94cfee056152e55a0efc62843deebfc53fcb4",
                "sha256:f239778cf03cd46da4962636501f6dea55af9b4684cd7ceee104ad4f0290e878",
                "sha256:f31757972677fbe9132932a69a4f23db59187a072cc26427f56a3082b46b6dac",
                "sha256:fbdcf9019e92253fc6aa0bcd5937302664c3a4d53884c425c0caa994e56c4421",
                "sha256:fc82688695eacf77befc3d839df2bc7ff314cd1d547f120835acdcbac1a480b8"
            ],
            "index": "pypi",
            "version": "==1.4.9"
        },
        "starlette": {
            "hashes": [
                "sha256:bd2ffe5e37fb75d014728511f8e68ebf2c80b0fa3d04ca1479f4dc752ae31ac9",
                "sha256:ebe8ee08d9be96a3c9f31b2cb2a24dbdf845247b745664bd8a3f9bd0c977fdbc"
            ],
            "markers": "python_version >= '3.6'",
            "version": "==0.13.6"
        },
        "typing-extensions": {
            "hashes": [
                "sha256:1511434bb92bf8dd198c12b1cc812e800d4181cfcb867674e0f8279cc93087aa",
                "sha256:16fa4864408f655d35ec496218b85f79b3437c829e93320c7c9215ccfd92489e"
            ],
            "markers": "python_version >= '3.7'",
            "version": "==4.4.0"
        },
        "ujson": {
            "hashes": [
                "sha256:0784f35f2ace41ed55c435ee11f9d9877cf3e6ff03c8850f87504cb93e9a9469",
                "sha256:0bdc62a1543d697e9c649ac0ac41e0d076a7b886d6b45f9f21971e25b90a2b27",
                "sha256:17460d88dd4b9630e449e5d29b97301e6dbbbedbf46a6f95f3b2cb7e1333e6ea",
                "sha256:2050c7f1ce72055f1b6fba29e4694ccf4509917d3be3ed6f3543ef3ff00eec4a",
                "sha256:253edfe274538bb1060ab8877d51fc75e416047d5fab5340454a48b971f30612",
                "sha256:2d50cb3d87d4aabe6dbeb6ef79025bf9fdf350c4355c24819dc5c5cc38bad3dc",
                "sha256:437e051a3e292ddbd5b4682f9b6c3e2ea4cd059d0d75bc9f8314349d63cbb015",
                "sha256:59048958793e0b0489449a414e2fbe54644457be1dd882b99a4fe16158632af1",
                "sha256:5ae6f599ef7c01ef626697f9e15e9d4e2a186ab4c0593ddb529b86866b562efb",
                "sha256:66d47eabb4f0e12b5784b1a49c59bc6f32e91e18e02f2a43c5e91e2f6ad9cc60",
                "sha256:6ee651c0210a67e3a72367de53ccac83b623913214e7c75015caadfad2b7e0dc",
                "sha256:6f7c24dabb0ff0ff43744d18211af6035ef37197f530c13edf704e627da7251d",
                "sha256:7060105de892cada2f01bd072d33b2421b4eefd32536207c1c9f2ade18656139",
                "sha256:782bdf016da793a3bf138e50ed973428e59006b8d73a9e1911bc6207c6b79fff",
                "sha256:7b6496b3e2bc396628f114fd96ec41655b10c84adececc0ef8cf1c2329dae36c",
                "sha256:812748c8de041f1ef5e9b37f33121c0c7390055fa5f12215b3d06a63b1c055a2",
                "sha256:a27ea44406100a97fb0fcc0b18dcdaf324824e722a00856a2992fafc65779351",
                "sha256:a476525862a394018a7a3438c86596815b84518b2744184444fc6f8b0e3e4aee",
                "sha256:abb1996ba1c1d2faf5b1e38efa97da7f64e5373a31f705b96fe0587f5f778db4",
                "sha256:d0ad63fc88d4e4cb7630f59aacd742256804a4cee447e9589e55957107a469b7",
                "sha256:fda324ca055e671eae46e8fc32b46fab20eb251d3e6e22beb67f71f1d240b0b4"
            ],
            "version": "==3.2.0"
        },
        "urllib3": {
            "hashes": [
                "sha256:47cc05d99aaa09c9e72ed5809b60e7ba354e64b59c9c173ac3018642d8bb41fc",
                "sha256:c083dd0dce68dbfbe1129d5271cb90f9447dea7d52097c6e0126120c521ddea8"
            ],
            "markers": "python_version >= '2.7' and python_version not in '3.0, 3.1, 3.2, 3.3, 3.4, 3.5'",
            "version": "==1.26.13"
        },
        "uvicorn": {
            "extras": [
                "standard"
            ],
            "hashes": [
                "sha256:3292251b3c7978e8e4a7868f4baf7f7f7bb7e40c759ecc125c37e99cdea34202",
                "sha256:7587f7b08bd1efd2b9bad809a3d333e972f1d11af8a5e52a9371ee3a5de71524"
            ],
            "version": "==0.13.4"
        },
        "uvloop": {
            "hashes": [
                "sha256:0949caf774b9fcefc7c5756bacbbbd3fc4c05a6b7eebc7c7ad6f825b23998d6d",
                "sha256:0ddf6baf9cf11a1a22c71487f39f15b2cf78eb5bde7e5b45fbb99e8a9d91b9e1",
                "sha256:1436c8673c1563422213ac6907789ecb2b070f5939b9cbff9ef7113f2b531595",
                "sha256:23609ca361a7fc587031429fa25ad2ed7242941adec948f9d10c045bfecab06b",
                "sha256:2a6149e1defac0faf505406259561bc14b034cdf1d4711a3ddcdfbaa8d825a05",
                "sha256:2deae0b0fb00a6af41fe60a675cec079615b01d68beb4cc7b722424406b126a8",
                "sha256:307958f9fc5c8bb01fad752d1345168c0abc5d62c1b72a4a8c6c06f042b45b20",
                "sha256:30babd84706115626ea78ea5dbc7dd8d0d01a2e9f9b306d24ca4ed5796c66ded",
                "sha256:3378eb62c63bf336ae2070599e49089005771cc651c8769aaad72d1bd9385a7c",
                "sha256:3d97672dc709fa4447ab83276f344a165075fd9f366a97b712bdd3fee05efae8",
                "sha256:3db8de10ed684995a7f34a001f15b374c230f7655ae840964d51496e2f8a8474",
                "sha256:3ebeeec6a6641d0adb2ea71dcfb76017602ee2bfd8213e3fcc18d8f699c5104f",
                "sha256:45cea33b208971e87a31c17622e4b440cac231766ec11e5d22c76fab3bf9df62",
                "sha256:6708f30db9117f115eadc4f125c2a10c1a50d711461699a0cbfaa45b9a78e376",
                "sha256:68532f4349fd3900b839f588972b3392ee56042e440dd5873dfbbcd2cc67617c",
                "sha256:6aafa5a78b9e62493539456f8b646f85abc7093dd997f4976bb105537cf2635e",
                "sha256:7d37dccc7ae63e61f7b96ee2e19c40f153ba6ce730d8ba4d3b4e9738c1dccc1b",
                "sha256:864e1197139d651a76c81757db5eb199db8866e13acb0dfe96e6fc5d1cf45fc4",
                "sha256:8887d675a64cfc59f4ecd34382e5b4f0ef4ae1da37ed665adba0c2badf0d6578",
                "sha256:8efcadc5a0003d3a6e887ccc1fb44dec25594f117a94e3127954c05cf144d811",
                "sha256:9b09e0f0ac29eee0451d71798878eae5a4e6a91aa275e114037b27f7db72702d",
                "sha256:a4aee22ece20958888eedbad20e4dbb03c37533e010fb824161b4f05e641f738",
                "sha256:a5abddb3558d3f0a78949c750644a67be31e47936042d4f6c888dd6f3c95f4aa",
                "sha256:c092a2c1e736086d59ac8e41f9c98f26bbf9b9222a76f21af9dfe949b99b2eb9",
                "sha256:c686a47d57ca910a2572fddfe9912819880b8765e2f01dc0dd12a9bf8573e539",
                "sha256:cbbe908fda687e39afd6ea2a2f14c2c3e43f2ca88e3a11964b297822358d0e6c",
                "sha256:ce9f61938d7155f79d3cb2ffa663147d4a76d16e08f65e2c66b77bd41b356718",
                "sha256:dbbaf9da2ee98ee2531e0c780455f2841e4675ff580ecf93fe5c48fe733b5667",
                "sha256:f1e507c9ee39c61bfddd79714e4f85900656db1aec4d40c6de55648e85c2799c",
                "sha256:ff3d00b70ce95adce264462c930fbaecb29718ba6563db354608f37e49e09024"
            ],
            "version": "==0.17.0"
        },
        "watchgod": {
            "hashes": [
                "sha256:2f3e8137d98f493ff58af54ea00f4d1433a6afe2ed08ab331a657df468c6bfce",
                "sha256:cb11ff66657befba94d828e3b622d5fb76f22fbda1376f355f3e6e51e97d9450"
            ],
            "version": "==0.8.2"
        },
        "websockets": {
            "hashes": [
                "sha256:0e4fb4de42701340bd2353bb2eee45314651caa6ccee80dbd5f5d5978888fed5",
                "sha256:1d3f1bf059d04a4e0eb4985a887d49195e15ebabc42364f4eb564b1d065793f5",
                "sha256:20891f0dddade307ffddf593c733a3fdb6b83e6f9eef85908113e628fa5a8308",
                "sha256:295359a2cc78736737dd88c343cd0747546b2174b5e1adc223824bcaf3e164cb",
                "sha256:2db62a9142e88535038a6bcfea70ef9447696ea77891aebb730a333a51ed559a",
                "sha256:3762791ab8b38948f0c4d281c8b2ddfa99b7e510e46bd8dfa942a5fff621068c",
                "sha256:3db87421956f1b0779a7564915875ba774295cc86e81bc671631379371af1170",
                "sha256:3ef56fcc7b1ff90de46ccd5a687bbd13a3180132268c4254fc0fa44ecf4fc422",
                "sha256:4f9f7d28ce1d8f1295717c2c25b732c2bc0645db3215cf757551c392177d7cb8",
                "sha256:5c01fd846263a75bc8a2b9542606927cfad57e7282965d96b93c387622487485",
                "sha256:5c65d2da8c6bce0fca2528f69f44b2f977e06954c8512a952222cea50dad430f",
                "sha256:751a556205d8245ff94aeef23546a1113b1dd4f6e4d102ded66c39b99c2ce6c8",
                "sha256:7ff46d441db78241f4c6c27b3868c9ae71473fe03341340d2dfdbe8d79310acc",
                "sha256:965889d9f0e2a75edd81a07592d0ced54daa5b0785f57dc429c378edbcffe779",
                "sha256:9b248ba3dd8a03b1a10b19efe7d4f7fa41d158fdaa95e2cf65af5a7b95a4f989",
                "sha256:9bef37ee224e104a413f0780e29adb3e514a5b698aabe0d969a6ba426b8435d1",
                "sha256:c1ec8db4fac31850286b7cd3b9c0e1b944204668b8eb721674916d4e28744092",
                "sha256:c8a116feafdb1f84607cb3b14aa1418424ae71fee131642fc568d21423b51824",
                "sha256:ce85b06a10fc65e6143518b96d3dca27b081a740bae261c2fb20375801a9d56d",
                "sha256:d705f8aeecdf3262379644e4b55107a3b55860eb812b673b28d0fbc347a60c55",
                "sha256:e898a0863421650f0bebac8ba40840fc02258ef4714cb7e1fd76b6a6354bda36",
                "sha256:f8a7bff6e8664afc4e6c28b983845c5bc14965030e3fb98789734d416af77c4b"
            ],
            "version": "==8.1"
        }
    },
    "develop": {}
}
